
Microsoft Visual Studio Solution File, Format Version 12.00
# Visual Studio 15
VisualStudioVersion = 15.0.27130.2010
MinimumVisualStudioVersion = 10.0.40219.1
Project("{8BC9CEB8-8B4A-11D0-8D11-00A0C91BC942}") = "CircularList", "CircularList\CircularList.vcxproj", "{7A525F58-036A-42B2-A18F-682987FC0F1E}"
EndProject
Global
	GlobalSection(SolutionConfigurationPlatforms) = preSolution
		Debug|x64 = Debug|x64
		Debug|x86 = Debug|x86
		Release|x64 = Release|x64
		Release|x86 = Release|x86
	EndGlobalSection
	GlobalSection(ProjectConfigurationPlatforms) = postSolution
		{7A525F58-036A-42B2-A18F-682987FC0F1E}.Debug|x64.ActiveCfg = Debug|x64
		{7A525F58-036A-42B2-A18F-682987FC0F1E}.Debug|x64.Build.0 = Debug|x64
		{7A525F58-036A-42B2-A18F-682987FC0F1E}.Debug|x86.ActiveCfg = Debug|Win32
		{7A525F58-036A-42B2-A18F-682987FC0F1E}.Debug|x86.Build.0 = Debug|Win32
		{7A525F58-036A-42B2-A18F-682987FC0F1E}.Release|x64.ActiveCfg = Release|x64
		{7A525F58-036A-42B2-A18F-682987FC0F1E}.Release|x64.Build.0 = Release|x64
		{7A525F58-036A-42B2-A18F-682987FC0F1E}.Release|x86.ActiveCfg = Release|Win32
		{7A525F58-036A-42B2-A18F-682987FC0F1E}.Release|x86.Build.0 = Release|Win32
	EndGlobalSection
	GlobalSection(SolutionProperties) = preSolution
		HideSolutionNode = FALSE
	EndGlobalSection
	GlobalSection(ExtensibilityGlobals) = postSolution
		SolutionGuid = {562E2F07-4C4E-4E3E-A949-48AA914F4DCD}
	EndGlobalSection
EndGlobal
